
Microsoft Visual Studio Solution File, Format Version 12.00
# Visual Studio Version 16
VisualStudioVersion = 16.0.29326.143
MinimumVisualStudioVersion = 10.0.40219.1
Project("{FAE04EC0-301F-11D3-BF4B-00C04F79EFBC}") = "ParcelManager", "ParcelManager.csproj", "{3FCA1537-48D5-4E85-BCA3-75D2004571A8}"
EndProject
Global
	GlobalSection(SolutionConfigurationPlatforms) = preSolution
		Debug|Any CPU = Debug|Any CPU
		Release|Any CPU = Release|Any CPU
	EndGlobalSection
	GlobalSection(ProjectConfigurationPlatforms) = postSolution
		{3FCA1537-48D5-4E85-BCA3-75D2004571A8}.Debug|Any CPU.ActiveCfg = Debug|Any CPU
		{3FCA1537-48D5-4E85-BCA3-75D2004571A8}.Debug|Any CPU.Build.0 = Debug|Any CPU
		{3FCA1537-48D5-4E85-BCA3-75D2004571A8}.Release|Any CPU.ActiveCfg = Release|Any CPU
		{3FCA1537-48D5-4E85-BCA3-75D2004571A8}.Release|Any CPU.Build.0 = Release|Any CPU
	EndGlobalSection
	GlobalSection(SolutionProperties) = preSolution
		HideSolutionNode = FALSE
	EndGlobalSection
	GlobalSection(ExtensibilityGlobals) = postSolution
		SolutionGuid = {95DDEDFF-1527-4D43-87FF-06FF2789062D}
	EndGlobalSection
EndGlobal
